
Microsoft Visual Studio Solution File, Format Version 12.00
# Visual Studio 14
VisualStudioVersion = 14.0.25420.1
MinimumVisualStudioVersion = 10.0.40219.1
Project("{FAE04EC0-301F-11D3-BF4B-00C04F79EFBC}") = "ServerDocs", "ServerDocs.csproj", "{0E6097A0-8793-4830-A9DB-C7F39E0F5191}"
EndProject
Project("{FAE04EC0-301F-11D3-BF4B-00C04F79EFBC}") = "render", "H:\Visual Studio 2012\Projects\render\render\render.csproj", "{910E1CBB-8CA9-44DB-9F55-B451503B5269}"
EndProject
Global
	GlobalSection(SolutionConfigurationPlatforms) = preSolution
		Debug|Any CPU = Debug|Any CPU
		Release|Any CPU = Release|Any CPU
	EndGlobalSection
	GlobalSection(ProjectConfigurationPlatforms) = postSolution
		{0E6097A0-8793-4830-A9DB-C7F39E0F5191}.Debug|Any CPU.ActiveCfg = Debug|Any CPU
		{0E6097A0-8793-4830-A9DB-C7F39E0F5191}.Debug|Any CPU.Build.0 = Debug|Any CPU
		{0E6097A0-8793-4830-A9DB-C7F39E0F5191}.Release|Any CPU.ActiveCfg = Release|Any CPU
		{0E6097A0-8793-4830-A9DB-C7F39E0F5191}.Release|Any CPU.Build.0 = Release|Any CPU
		{910E1CBB-8CA9-44DB-9F55-B451503B5269}.Debug|Any CPU.ActiveCfg = Debug|Any CPU
		{910E1CBB-8CA9-44DB-9F55-B451503B5269}.Debug|Any CPU.Build.0 = Debug|Any CPU
		{910E1CBB-8CA9-44DB-9F55-B451503B5269}.Release|Any CPU.ActiveCfg = Release|Any CPU
		{910E1CBB-8CA9-44DB-9F55-B451503B5269}.Release|Any CPU.Build.0 = Release|Any CPU
	EndGlobalSection
	GlobalSection(SolutionProperties) = preSolution
		HideSolutionNode = FALSE
	EndGlobalSection
EndGlobal
